// !$*UTF8*$!
{
	archiveVersion = 1;
	classes = {
	};
	objectVersion = 50;
	objects = {

/* Begin PBXBuildFile section */
		4539BEF921C17505006D6682 /* AppDelegate.swift in Sources */ = {isa = PBXBuildFile; fileRef = 4539BEF821C17505006D6682 /* AppDelegate.swift */; };
		4539BEFB21C17505006D6682 /* ViewController.swift in Sources */ = {isa = PBXBuildFile; fileRef = 4539BEFA21C17505006D6682 /* ViewController.swift */; };
		4539BEFE21C17505006D6682 /* Main.storyboard in Resources */ = {isa = PBXBuildFile; fileRef = 4539BEFC21C17505006D6682 /* Main.storyboard */; };
		4539BF0021C17507006D6682 /* Assets.xcassets in Resources */ = {isa = PBXBuildFile; fileRef = 4539BEFF21C17507006D6682 /* Assets.xcassets */; };
		4539BF0321C17507006D6682 /* LaunchScreen.storyboard in Resources */ = {isa = PBXBuildFile; fileRef = 4539BF0121C17507006D6682 /* LaunchScreen.storyboard */; };
		4539BF0E21C17507006D6682 /* CarMLTests.swift in Sources */ = {isa = PBXBuildFile; fileRef = 4539BF0D21C17507006D6682 /* CarMLTests.swift */; };
		4539BF1921C17507006D6682 /* CarMLUITests.swift in Sources */ = {isa = PBXBuildFile; fileRef = 4539BF1821C17507006D6682 /* CarMLUITests.swift */; };
/* End PBXBuildFile section */

/* Begin PBXContainerItemProxy section */
		4539BF0A21C17507006D6682 /* PBXContainerItemProxy */ = {
			isa = PBXContainerItemProxy;
			containerPortal = 4539BEED21C17505006D6682 /* Project object */;
			proxyType = 1;
			remoteGlobalIDString = 4539BEF421C17505006D6682;
			remoteInfo = CarML;
		};
		4539BF1521C17507006D6682 /* PBXContainerItemProxy */ = {
			isa = PBXContainerItemProxy;
			containerPortal = 4539BEED21C17505006D6682 /* Project object */;
			proxyType = 1;
			remoteGlobalIDString = 4539BEF421C17505006D6682;
			remoteInfo = CarML;
		};
/* End PBXContainerItemProxy section */

/* Begin PBXFileReference section */
		4539BEF521C17505006D6682 /* CarML.app */ = {isa = PBXFileReference; explicitFileType = wrapper.application; includeInIndex = 0; path = CarML.app; sourceTree = BUILT_PRODUCTS_DIR; };
		4539BEF821C17505006D6682 /* AppDelegate.swift */ = {isa = PBXFileReference; lastKnownFileType = sourcecode.swift; path = AppDelegate.swift; sourceTree = "<group>"; };
		4539BEFA21C17505006D6682 /* ViewController.swift */ = {isa = PBXFileReference; lastKnownFileType = sourcecode.swift; path = ViewController.swift; sourceTree = "<group>"; };
		4539BEFD21C17505006D6682 /* Base */ = {isa = PBXFileReference; lastKnownFileType = file.storyboard; name = Base; path = Base.lproj/Main.storyboard; sourceTree = "<group>"; };
		4539BEFF21C17507006D6682 /* Assets.xcassets */ = {isa = PBXFileReference; lastKnownFileType = folder.assetcatalog; path = Assets.xcassets; sourceTree = "<group>"; };
		4539BF0221C17507006D6682 /* Base */ = {isa = PBXFileReference; lastKnownFileType = file.storyboard; name = Base; path = Base.lproj/LaunchScreen.storyboard; sourceTree = "<group>"; };
		4539BF0421C17507006D6682 /* Info.plist */ = {isa = PBXFileReference; lastKnownFileType = text.plist.xml; path = Info.plist; sourceTree = "<group>"; };
		4539BF0921C17507006D6682 /* CarMLTests.xctest */ = {isa = PBXFileReference; explicitFileType = wrapper.cfbundle; includeInIndex = 0; path = CarMLTests.xctest; sourceTree = BUILT_PRODUCTS_DIR; };
		4539BF0D21C17507006D6682 /* CarMLTests.swift */ = {isa = PBXFileReference; lastKnownFileType = sourcecode.swift; path = CarMLTests.swift; sourceTree = "<group>"; };
		4539BF0F21C17507006D6682 /* Info.plist */ = {isa = PBXFileReference; lastKnownFileType = text.plist.xml; path = Info.plist; sourceTree = "<group>"; };
		4539BF1421C17507006D6682 /* CarMLUITests.xctest */ = {isa = PBXFileReference; explicitFileType = wrapper.cfbundle; includeInIndex = 0; path = CarMLUITests.xctest; sourceTree = BUILT_PRODUCTS_DIR; };
		4539BF1821C17507006D6682 /* CarMLUITests.swift */ = {isa = PBXFileReference; lastKnownFileType = sourcecode.swift; path = CarMLUITests.swift; sourceTree = "<group>"; };
		4539BF1A21C17507006D6682 /* Info.plist */ = {isa = PBXFileReference; lastKnownFileType = text.plist.xml; path = Info.plist; sourceTree = "<group>"; };
/* End PBXFileReference section */

/* Begin PBXFrameworksBuildPhase section */
		4539BEF221C17505006D6682 /* Frameworks */ = {
			isa = PBXFrameworksBuildPhase;
			buildActionMask = 2147483647;
			files = (
			);
			runOnlyForDeploymentPostprocessing = 0;
		};
		4539BF0621C17507006D6682 /* Frameworks */ = {
			isa = PBXFrameworksBuildPhase;
			buildActionMask = 2147483647;
			files = (
			);
			runOnlyForDeploymentPostprocessing = 0;
		};
		4539BF1121C17507006D6682 /* Frameworks */ = {
			isa = PBXFrameworksBuildPhase;
			buildActionMask = 2147483647;
			files = (
			);
			runOnlyForDeploymentPostprocessing = 0;
		};
/* End PBXFrameworksBuildPhase section */

/* Begin PBXGroup section */
		4539BEEC21C17505006D6682 = {
			isa = PBXGroup;
			children = (
				4539BEF721C17505006D6682 /* CarML */,
				4539BF0C21C17507006D6682 /* CarMLTests */,
				4539BF1721C17507006D6682 /* CarMLUITests */,
				4539BEF621C17505006D6682 /* Products */,
			);
			sourceTree = "<group>";
		};
		4539BEF621C17505006D6682 /* Products */ = {
			isa = PBXGroup;
			children = (
				4539BEF521C17505006D6682 /* CarML.app */,
				4539BF0921C17507006D6682 /* CarMLTests.xctest */,
				4539BF1421C17507006D6682 /* CarMLUITests.xctest */,
			);
			name = Products;
			sourceTree = "<group>";
		};
		4539BEF721C17505006D6682 /* CarML */ = {
			isa = PBXGroup;
			children = (
				4539BEF821C17505006D6682 /* AppDelegate.swift */,
				4539BEFA21C17505006D6682 /* ViewController.swift */,
				4539BEFC21C17505006D6682 /* Main.storyboard */,
				4539BEFF21C17507006D6682 /* Assets.xcassets */,
				4539BF0121C17507006D6682 /* LaunchScreen.storyboard */,
				4539BF0421C17507006D6682 /* Info.plist */,
			);
			path = CarML;
			sourceTree = "<group>";
		};
		4539BF0C21C17507006D6682 /* CarMLTests */ = {
			isa = PBXGroup;
			children = (
				4539BF0D21C17507006D6682 /* CarMLTests.swift */,
				4539BF0F21C17507006D6682 /* Info.plist */,
			);
			path = CarMLTests;
			sourceTree = "<group>";
		};
		4539BF1721C17507006D6682 /* CarMLUITests */ = {
			isa = PBXGroup;
			children = (
				4539BF1821C17507006D6682 /* CarMLUITests.swift */,
				4539BF1A21C17507006D6682 /* Info.plist */,
			);
			path = CarMLUITests;
			sourceTree = "<group>";
		};
/* End PBXGroup section */

/* Begin PBXNativeTarget section */
		4539BEF421C17505006D6682 /* CarML */ = {
			isa = PBXNativeTarget;
			buildConfigurationList = 4539BF1D21C17507006D6682 /* Build configuration list for PBXNativeTarget "CarML" */;
			buildPhases = (
				4539BEF121C17505006D6682 /* Sources */,
				4539BEF221C17505006D6682 /* Frameworks */,
				4539BEF321C17505006D6682 /* Resources */,
			);
			buildRules = (
			);
			dependencies = (
			);
			name = CarML;
			productName = CarML;
			productReference = 4539BEF521C17505006D6682 /* CarML.app */;
			productType = "com.apple.product-type.application";
		};
		4539BF0821C17507006D6682 /* CarMLTests */ = {
			isa = PBXNativeTarget;
			buildConfigurationList = 4539BF2021C17507006D6682 /* Build configuration list for PBXNativeTarget "CarMLTests" */;
			buildPhases = (
				4539BF0521C17507006D6682 /* Sources */,
				4539BF0621C17507006D6682 /* Frameworks */,
				4539BF0721C17507006D6682 /* Resources */,
			);
			buildRules = (
			);
			dependencies = (
				4539BF0B21C17507006D6682 /* PBXTargetDependency */,
			);
			name = CarMLTests;
			productName = CarMLTests;
			productReference = 4539BF0921C17507006D6682 /* CarMLTests.xctest */;
			productType = "com.apple.product-type.bundle.unit-test";
		};
		4539BF1321C17507006D6682 /* CarMLUITests */ = {
			isa = PBXNativeTarget;
			buildConfigurationList = 4539BF2321C17507006D6682 /* Build configuration list for PBXNativeTarget "CarMLUITests" */;
			buildPhases = (
				4539BF1021C17507006D6682 /* Sources */,
				4539BF1121C17507006D6682 /* Frameworks */,
				4539BF1221C17507006D6682 /* Resources */,
			);
			buildRules = (
			);
			dependencies = (
				4539BF1621C17507006D6682 /* PBXTargetDependency */,
			);
			name = CarMLUITests;
			productName = CarMLUITests;
			productReference = 4539BF1421C17507006D6682 /* CarMLUITests.xctest */;
			productType = "com.apple.product-type.bundle.ui-testing";
		};
/* End PBXNativeTarget section */

/* Begin PBXProject section */
		4539BEED21C17505006D6682 /* Project object */ = {
			isa = PBXProject;
			attributes = {
				LastSwiftUpdateCheck = 1010;
				LastUpgradeCheck = 1010;
				ORGANIZATIONNAME = "De La Cruz, Eduardo";
				TargetAttributes = {
					4539BEF421C17505006D6682 = {
						CreatedOnToolsVersion = 10.1;
					};
					4539BF0821C17507006D6682 = {
						CreatedOnToolsVersion = 10.1;
						TestTargetID = 4539BEF421C17505006D6682;
					};
					4539BF1321C17507006D6682 = {
						CreatedOnToolsVersion = 10.1;
						TestTargetID = 4539BEF421C17505006D6682;
					};
				};
			};
			buildConfigurationList = 4539BEF021C17505006D6682 /* Build configuration list for PBXProject "CarML" */;
			compatibilityVersion = "Xcode 9.3";
			developmentRegion = en;
			hasScannedForEncodings = 0;
			knownRegions = (
				en,
				Base,
			);
			mainGroup = 4539BEEC21C17505006D6682;
			productRefGroup = 4539BEF621C17505006D6682 /* Products */;
			projectDirPath = "";
			projectRoot = "";
			targets = (
				4539BEF421C17505006D6682 /* CarML */,
				4539BF0821C17507006D6682 /* CarMLTests */,
				4539BF1321C17507006D6682 /* CarMLUITests */,
			);
		};
/* End PBXProject section */

/* Begin PBXResourcesBuildPhase section */
		4539BEF321C17505006D6682 /* Resources */ = {
			isa = PBXResourcesBuildPhase;
			buildActionMask = 2147483647;
			files = (
				4539BF0321C17507006D6682 /* LaunchScreen.storyboard in Resources */,
				4539BF0021C17507006D6682 /* Assets.xcassets in Resources */,
				4539BEFE21C17505006D6682 /* Main.storyboard in Resources */,
			);
			runOnlyForDeploymentPostprocessing = 0;
		};
		4539BF0721C17507006D6682 /* Resources */ = {
			isa = PBXResourcesBuildPhase;
			buildActionMask = 2147483647;
			files = (
			);
			runOnlyForDeploymentPostprocessing = 0;
		};
		4539BF1221C17507006D6682 /* Resources */ = {
			isa = PBXResourcesBuildPhase;
			buildActionMask = 2147483647;
			files = (
			);
			runOnlyForDeploymentPostprocessing = 0;
		};
/* End PBXResourcesBuildPhase section */

/* Begin PBXSourcesBuildPhase section */
		4539BEF121C17505006D6682 /* Sources */ = {
			isa = PBXSourcesBuildPhase;
			buildActionMask = 2147483647;
			files = (
				4539BEFB21C17505006D6682 /* ViewController.swift in Sources */,
				4539BEF921C17505006D6682 /* AppDelegate.swift in Sources */,
			);
			runOnlyForDeploymentPostprocessing = 0;
		};
		4539BF0521C17507006D6682 /* Sources */ = {
			isa = PBXSourcesBuildPhase;
			buildActionMask = 2147483647;
			files = (
				4539BF0E21C17507006D6682 /* CarMLTests.swift in Sources */,
			);
			runOnlyForDeploymentPostprocessing = 0;
		};
		4539BF1021C17507006D6682 /* Sources */ = {
			isa = PBXSourcesBuildPhase;
			buildActionMask = 2147483647;
			files = (
				4539BF1921C17507006D6682 /* CarMLUITests.swift in Sources */,
			);
			runOnlyForDeploymentPostprocessing = 0;
		};
/* End PBXSourcesBuildPhase section */

/* Begin PBXTargetDependency section */
		4539BF0B21C17507006D6682 /* PBXTargetDependency */ = {
			isa = PBXTargetDependency;
			target = 4539BEF421C17505006D6682 /* CarML */;
			targetProxy = 4539BF0A21C17507006D6682 /* PBXContainerItemProxy */;
		};
		4539BF1621C17507006D6682 /* PBXTargetDependency */ = {
			isa = PBXTargetDependency;
			target = 4539BEF421C17505006D6682 /* CarML */;
			targetProxy = 4539BF1521C17507006D6682 /* PBXContainerItemProxy */;
		};
/* End PBXTargetDependency section */

/* Begin PBXVariantGroup section */
		4539BEFC21C17505006D6682 /* Main.storyboard */ = {
			isa = PBXVariantGroup;
			children = (
				4539BEFD21C17505006D6682 /* Base */,
			);
			name = Main.storyboard;
			sourceTree = "<group>";
		};
		4539BF0121C17507006D6682 /* LaunchScreen.storyboard */ = {
			isa = PBXVariantGroup;
			children = (
				4539BF0221C17507006D6682 /* Base */,
			);
			name = LaunchScreen.storyboard;
			sourceTree = "<group>";
		};
/* End PBXVariantGroup section */

/* Begin XCBuildConfiguration section */
		4539BF1B21C17507006D6682 /* Debug */ = {
			isa = XCBuildConfiguration;
			buildSettings = {
				ALWAYS_SEARCH_USER_PATHS = NO;
				CLANG_ANALYZER_NONNULL = YES;
				CLANG_ANALYZER_NUMBER_OBJECT_CONVERSION = YES_AGGRESSIVE;
				CLANG_CXX_LANGUAGE_STANDARD = "gnu++14";
				CLANG_CXX_LIBRARY = "libc++";
				CLANG_ENABLE_MODULES = YES;
				CLANG_ENABLE_OBJC_ARC = YES;
				CLANG_ENABLE_OBJC_WEAK = YES;
				CLANG_WARN_BLOCK_CAPTURE_AUTORELEASING = YES;
				CLANG_WARN_BOOL_CONVERSION = YES;
				CLANG_WARN_COMMA = YES;
				CLANG_WARN_CONSTANT_CONVERSION = YES;
				CLANG_WARN_DEPRECATED_OBJC_IMPLEMENTATIONS = YES;
				CLANG_WARN_DIRECT_OBJC_ISA_USAGE = YES_ERROR;
				CLANG_WARN_DOCUMENTATION_COMMENTS = YES;
				CLANG_WARN_EMPTY_BODY = YES;
				CLANG_WARN_ENUM_CONVERSION = YES;
				CLANG_WARN_INFINITE_RECURSION = YES;
				CLANG_WARN_INT_CONVERSION = YES;
				CLANG_WARN_NON_LITERAL_NULL_CONVERSION = YES;
				CLANG_WARN_OBJC_IMPLICIT_RETAIN_SELF = YES;
				CLANG_WARN_OBJC_LITERAL_CONVERSION = YES;
				CLANG_WARN_OBJC_ROOT_CLASS = YES_ERROR;
				CLANG_WARN_RANGE_LOOP_ANALYSIS = YES;
				CLANG_WARN_STRICT_PROTOTYPES = YES;
				CLANG_WARN_SUSPICIOUS_MOVE = YES;
				CLANG_WARN_UNGUARDED_AVAILABILITY = YES_AGGRESSIVE;
				CLANG_WARN_UNREACHABLE_CODE = YES;
				CLANG_WARN__DUPLICATE_METHOD_MATCH = YES;
				CODE_SIGN_IDENTITY = "iPhone Developer";
				COPY_PHASE_STRIP = NO;
				DEBUG_INFORMATION_FORMAT = dwarf;
				ENABLE_STRICT_OBJC_MSGSEND = YES;
				ENABLE_TESTABILITY = YES;
				GCC_C_LANGUAGE_STANDARD = gnu11;
				GCC_DYNAMIC_NO_PIC = NO;
				GCC_NO_COMMON_BLOCKS = YES;
				GCC_OPTIMIZATION_LEVEL = 0;
				GCC_PREPROCESSOR_DEFINITIONS = (
					"DEBUG=1",
					"$(inherited)",
				);
				GCC_WARN_64_TO_32_BIT_CONVERSION = YES;
				GCC_WARN_ABOUT_RETURN_TYPE = YES_ERROR;
				GCC_WARN_UNDECLARED_SELECTOR = YES;
				GCC_WARN_UNINITIALIZED_AUTOS = YES_AGGRESSIVE;
				GCC_WARN_UNUSED_FUNCTION = YES;
				GCC_WARN_UNUSED_VARIABLE = YES;
				IPHONEOS_DEPLOYMENT_TARGET = 12.1;
				MTL_ENABLE_DEBUG_INFO = INCLUDE_SOURCE;
				MTL_FAST_MATH = YES;
				ONLY_ACTIVE_ARCH = YES;
				SDKROOT = iphoneos;
				SWIFT_ACTIVE_COMPILATION_CONDITIONS = DEBUG;
				SWIFT_OPTIMIZATION_LEVEL = "-Onone";
			};
			name = Debug;
		};
		4539BF1C21C17507006D6682 /* Release */ = {
			isa = XCBuildConfiguration;
			buildSettings = {
				ALWAYS_SEARCH_USER_PATHS = NO;
				CLANG_ANALYZER_NONNULL = YES;
				CLANG_ANALYZER_NUMBER_OBJECT_CONVERSION = YES_AGGRESSIVE;
				CLANG_CXX_LANGUAGE_STANDARD = "gnu++14";
				CLANG_CXX_LIBRARY = "libc++";
				CLANG_ENABLE_MODULES = YES;
				CLANG_ENABLE_OBJC_ARC = YES;
				CLANG_ENABLE_OBJC_WEAK = YES;
				CLANG_WARN_BLOCK_CAPTURE_AUTORELEASING = YES;
				CLANG_WARN_BOOL_CONVERSION = YES;
				CLANG_WARN_COMMA = YES;
				CLANG_WARN_CONSTANT_CONVERSION = YES;
				CLANG_WARN_DEPRECATED_OBJC_IMPLEMENTATIONS = YES;
				CLANG_WARN_DIRECT_OBJC_ISA_USAGE = YES_ERROR;
				CLANG_WARN_DOCUMENTATION_COMMENTS = YES;
				CLANG_WARN_EMPTY_BODY = YES;
				CLANG_WARN_ENUM_CONVERSION = YES;
				CLANG_WARN_INFINITE_RECURSION = YES;
				CLANG_WARN_INT_CONVERSION = YES;
				CLANG_WARN_NON_LITERAL_NULL_CONVERSION = YES;
				CLANG_WARN_OBJC_IMPLICIT_RETAIN_SELF = YES;
				CLANG_WARN_OBJC_LITERAL_CONVERSION = YES;
				CLANG_WARN_OBJC_ROOT_CLASS = YES_ERROR;
				CLANG_WARN_RANGE_LOOP_ANALYSIS = YES;
				CLANG_WARN_STRICT_PROTOTYPES = YES;
				CLANG_WARN_SUSPICIOUS_MOVE = YES;
				CLANG_WARN_UNGUARDED_AVAILABILITY = YES_AGGRESSIVE;
				CLANG_WARN_UNREACHABLE_CODE = YES;
				CLANG_WARN__DUPLICATE_METHOD_MATCH = YES;
				CODE_SIGN_IDENTITY = "iPhone Developer";
				COPY_PHASE_STRIP = NO;
				DEBUG_INFORMATION_FORMAT = "dwarf-with-dsym";
				ENABLE_NS_ASSERTIONS = NO;
				ENABLE_STRICT_OBJC_MSGSEND = YES;
				GCC_C_LANGUAGE_STANDARD = gnu11;
				GCC_NO_COMMON_BLOCKS = YES;
				GCC_WARN_64_TO_32_BIT_CONVERSION = YES;
				GCC_WARN_ABOUT_RETURN_TYPE = YES_ERROR;
				GCC_WARN_UNDECLARED_SELECTOR = YES;
				GCC_WARN_UNINITIALIZED_AUTOS = YES_AGGRESSIVE;
				GCC_WARN_UNUSED_FUNCTION = YES;
				GCC_WARN_UNUSED_VARIABLE = YES;
				IPHONEOS_DEPLOYMENT_TARGET = 12.1;
				MTL_ENABLE_DEBUG_INFO = NO;
				MTL_FAST_MATH = YES;
				SDKROOT = iphoneos;
				SWIFT_COMPILATION_MODE = wholemodule;
				SWIFT_OPTIMIZATION_LEVEL = "-O";
				VALIDATE_PRODUCT = YES;
			};
			name = Release;
		};
		4539BF1E21C17507006D6682 /* Debug */ = {
			isa = XCBuildConfiguration;
			buildSettings = {
				ASSETCATALOG_COMPILER_APPICON_NAME = AppIcon;
				CODE_SIGN_STYLE = Automatic;
				DEVELOPMENT_TEAM = 63JNZL9NHF;
				INFOPLIST_FILE = CarML/Info.plist;
				LD_RUNPATH_SEARCH_PATHS = (
					"$(inherited)",
					"@executable_path/Frameworks",
				);
				PRODUCT_BUNDLE_IDENTIFIER = eduardodelacruz.CarML;
				PRODUCT_NAME = "$(TARGET_NAME)";
				SWIFT_VERSION = 4.2;
				TARGETED_DEVICE_FAMILY = "1,2";
			};
			name = Debug;
		};
		4539BF1F21C17507006D6682 /* Release */ = {
			isa = XCBuildConfiguration;
			buildSettings = {
				ASSETCATALOG_COMPILER_APPICON_NAME = AppIcon;
				CODE_SIGN_STYLE = Automatic;
				DEVELOPMENT_TEAM = 63JNZL9NHF;
				INFOPLIST_FILE = CarML/Info.plist;
				LD_RUNPATH_SEARCH_PATHS = (
					"$(inherited)",
					"@executable_path/Frameworks",
				);
				PRODUCT_BUNDLE_IDENTIFIER = eduardodelacruz.CarML;
				PRODUCT_NAME = "$(TARGET_NAME)";
				SWIFT_VERSION = 4.2;
				TARGETED_DEVICE_FAMILY = "1,2";
			};
			name = Release;
		};
		4539BF2121C17507006D6682 /* Debug */ = {
			isa = XCBuildConfiguration;
			buildSettings = {
				ALWAYS_EMBED_SWIFT_STANDARD_LIBRARIES = YES;
				BUNDLE_LOADER = "$(TEST_HOST)";
				CODE_SIGN_STYLE = Automatic;
				DEVELOPMENT_TEAM = 63JNZL9NHF;
				INFOPLIST_FILE = CarMLTests/Info.plist;
				LD_RUNPATH_SEARCH_PATHS = (
					"$(inherited)",
					"@executable_path/Frameworks",
					"@loader_path/Frameworks",
				);
				PRODUCT_BUNDLE_IDENTIFIER = eduardodelacruz.CarMLTests;
				PRODUCT_NAME = "$(TARGET_NAME)";
				SWIFT_VERSION = 4.2;
				TARGETED_DEVICE_FAMILY = "1,2";
				TEST_HOST = "$(BUILT_PRODUCTS_DIR)/CarML.app/CarML";
			};
			name = Debug;
		};
		4539BF2221C17507006D6682 /* Release */ = {
			isa = XCBuildConfiguration;
			buildSettings = {
				ALWAYS_EMBED_SWIFT_STANDARD_LIBRARIES = YES;
				BUNDLE_LOADER = "$(TEST_HOST)";
				CODE_SIGN_STYLE = Automatic;
				DEVELOPMENT_TEAM = 63JNZL9NHF;
				INFOPLIST_FILE = CarMLTests/Info.plist;
				LD_RUNPATH_SEARCH_PATHS = (
					"$(inherited)",
					"@executable_path/Frameworks",
					"@loader_path/Frameworks",
				);
				PRODUCT_BUNDLE_IDENTIFIER = eduardodelacruz.CarMLTests;
				PRODUCT_NAME = "$(TARGET_NAME)";
				SWIFT_VERSION = 4.2;
				TARGETED_DEVICE_FAMILY = "1,2";
				TEST_HOST = "$(BUILT_PRODUCTS_DIR)/CarML.app/CarML";
			};
			name = Release;
		};
		4539BF2421C17507006D6682 /* Debug */ = {
			isa = XCBuildConfiguration;
			buildSettings = {
				ALWAYS_EMBED_SWIFT_STANDARD_LIBRARIES = YES;
				CODE_SIGN_STYLE = Automatic;
				DEVELOPMENT_TEAM = 63JNZL9NHF;
				INFOPLIST_FILE = CarMLUITests/Info.plist;
				LD_RUNPATH_SEARCH_PATHS = (
					"$(inherited)",
					"@executable_path/Frameworks",
					"@loader_path/Frameworks",
				);
				PRODUCT_BUNDLE_IDENTIFIER = eduardodelacruz.CarMLUITests;
				PRODUCT_NAME = "$(TARGET_NAME)";
				SWIFT_VERSION = 4.2;
				TARGETED_DEVICE_FAMILY = "1,2";
				TEST_TARGET_NAME = CarML;
			};
			name = Debug;
		};
		4539BF2521C17507006D6682 /* Release */ = {
			isa = XCBuildConfiguration;
			buildSettings = {
				ALWAYS_EMBED_SWIFT_STANDARD_LIBRARIES = YES;
				CODE_SIGN_STYLE = Automatic;
				DEVELOPMENT_TEAM = 63JNZL9NHF;
				INFOPLIST_FILE = CarMLUITests/Info.plist;
				LD_RUNPATH_SEARCH_PATHS = (
					"$(inherited)",
					"@executable_path/Frameworks",
					"@loader_path/Frameworks",
				);
				PRODUCT_BUNDLE_IDENTIFIER = eduardodelacruz.CarMLUITests;
				PRODUCT_NAME = "$(TARGET_NAME)";
				SWIFT_VERSION = 4.2;
				TARGETED_DEVICE_FAMILY = "1,2";
				TEST_TARGET_NAME = CarML;
			};
			name = Release;
		};
/* End XCBuildConfiguration section */

/* Begin XCConfigurationList section */
		4539BEF021C17505006D6682 /* Build configuration list for PBXProject "CarML" */ = {
			isa = XCConfigurationList;
			buildConfigurations = (
				4539BF1B21C17507006D6682 /* Debug */,
				4539BF1C21C17507006D6682 /* Release */,
			);
			defaultConfigurationIsVisible = 0;
			defaultConfigurationName = Release;
		};
		4539BF1D21C17507006D6682 /* Build configuration list for PBXNativeTarget "CarML" */ = {
			isa = XCConfigurationList;
			buildConfigurations = (
				4539BF1E21C17507006D6682 /* Debug */,
				4539BF1F21C17507006D6682 /* Release */,
			);
			defaultConfigurationIsVisible = 0;
			defaultConfigurationName = Release;
		};
		4539BF2021C17507006D6682 /* Build configuration list for PBXNativeTarget "CarMLTests" */ = {
			isa = XCConfigurationList;
			buildConfigurations = (
				4539BF2121C17507006D6682 /* Debug */,
				4539BF2221C17507006D6682 /* Release */,
			);
			defaultConfigurationIsVisible = 0;
			defaultConfigurationName = Release;
		};
		4539BF2321C17507006D6682 /* Build configuration list for PBXNativeTarget "CarMLUITests" */ = {
			isa = XCConfigurationList;
			buildConfigurations = (
				4539BF2421C17507006D6682 /* Debug */,
				4539BF2521C17507006D6682 /* Release */,
			);
			defaultConfigurationIsVisible = 0;
			defaultConfigurationName = Release;
		};
/* End XCConfigurationList section */
	};
	rootObject = 4539BEED21C17505006D6682 /* Project object */;
}
